
Microsoft Visual Studio Solution File, Format Version 12.00
# Visual Studio Version 17
VisualStudioVersion = 17.7.34031.279
MinimumVisualStudioVersion = 10.0.40219.1
Project("{FAE04EC0-301F-11D3-BF4B-00C04F79EFBC}") = "ProyectoGit02", "ProyectoGit02.csproj", "{2CBDB830-C041-4F1A-9C98-CFF54AE34C79}"
EndProject
Global
	GlobalSection(SolutionConfigurationPlatforms) = preSolution
		Debug|Any CPU = Debug|Any CPU
		Release|Any CPU = Release|Any CPU
	EndGlobalSection
	GlobalSection(ProjectConfigurationPlatforms) = postSolution
		{2CBDB830-C041-4F1A-9C98-CFF54AE34C79}.Debug|Any CPU.ActiveCfg = Debug|Any CPU
		{2CBDB830-C041-4F1A-9C98-CFF54AE34C79}.Debug|Any CPU.Build.0 = Debug|Any CPU
		{2CBDB830-C041-4F1A-9C98-CFF54AE34C79}.Release|Any CPU.ActiveCfg = Release|Any CPU
		{2CBDB830-C041-4F1A-9C98-CFF54AE34C79}.Release|Any CPU.Build.0 = Release|Any CPU
	EndGlobalSection
	GlobalSection(SolutionProperties) = preSolution
		HideSolutionNode = FALSE
	EndGlobalSection
	GlobalSection(ExtensibilityGlobals) = postSolution
		SolutionGuid = {6D5BB754-E270-4633-8384-4F1A2B7E7616}
	EndGlobalSection
EndGlobal
